
Microsoft Visual Studio Solution File, Format Version 12.00
# Visual Studio Version 16
VisualStudioVersion = 16.0.30717.126
MinimumVisualStudioVersion = 10.0.40219.1
Project("{FAE04EC0-301F-11D3-BF4B-00C04F79EFBC}") = "Entities", "Entities\Entities.csproj", "{86B1A5CB-F7C7-4600-8C1E-DF0452A6B198}"
EndProject
Project("{FAE04EC0-301F-11D3-BF4B-00C04F79EFBC}") = "Business", "Business\Business.csproj", "{4A98C231-6044-42C8-9D36-BF7E5621B701}"
EndProject
Project("{FAE04EC0-301F-11D3-BF4B-00C04F79EFBC}") = "DataAccess", "DataAccess\DataAccess.csproj", "{86E09F5E-99DB-4EF2-8DA9-3FE8FA804C16}"
EndProject
Project("{FAE04EC0-301F-11D3-BF4B-00C04F79EFBC}") = "ConsoleUI", "ConsoleUI\ConsoleUI.csproj", "{BDB773F2-DAEE-446E-963A-EF8D2105CA39}"
EndProject
Global
	GlobalSection(SolutionConfigurationPlatforms) = preSolution
		Debug|Any CPU = Debug|Any CPU
		Release|Any CPU = Release|Any CPU
	EndGlobalSection
	GlobalSection(ProjectConfigurationPlatforms) = postSolution
		{86B1A5CB-F7C7-4600-8C1E-DF0452A6B198}.Debug|Any CPU.ActiveCfg = Debug|Any CPU
		{86B1A5CB-F7C7-4600-8C1E-DF0452A6B198}.Debug|Any CPU.Build.0 = Debug|Any CPU
		{86B1A5CB-F7C7-4600-8C1E-DF0452A6B198}.Release|Any CPU.ActiveCfg = Release|Any CPU
		{86B1A5CB-F7C7-4600-8C1E-DF0452A6B198}.Release|Any CPU.Build.0 = Release|Any CPU
		{4A98C231-6044-42C8-9D36-BF7E5621B701}.Debug|Any CPU.ActiveCfg = Debug|Any CPU
		{4A98C231-6044-42C8-9D36-BF7E5621B701}.Debug|Any CPU.Build.0 = Debug|Any CPU
		{4A98C231-6044-42C8-9D36-BF7E5621B701}.Release|Any CPU.ActiveCfg = Release|Any CPU
		{4A98C231-6044-42C8-9D36-BF7E5621B701}.Release|Any CPU.Build.0 = Release|Any CPU
		{86E09F5E-99DB-4EF2-8DA9-3FE8FA804C16}.Debug|Any CPU.ActiveCfg = Debug|Any CPU
		{86E09F5E-99DB-4EF2-8DA9-3FE8FA804C16}.Debug|Any CPU.Build.0 = Debug|Any CPU
		{86E09F5E-99DB-4EF2-8DA9-3FE8FA804C16}.Release|Any CPU.ActiveCfg = Release|Any CPU
		{86E09F5E-99DB-4EF2-8DA9-3FE8FA804C16}.Release|Any CPU.Build.0 = Release|Any CPU
		{BDB773F2-DAEE-446E-963A-EF8D2105CA39}.Debug|Any CPU.ActiveCfg = Debug|Any CPU
		{BDB773F2-DAEE-446E-963A-EF8D2105CA39}.Debug|Any CPU.Build.0 = Debug|Any CPU
		{BDB773F2-DAEE-446E-963A-EF8D2105CA39}.Release|Any CPU.ActiveCfg = Release|Any CPU
		{BDB773F2-DAEE-446E-963A-EF8D2105CA39}.Release|Any CPU.Build.0 = Release|Any CPU
	EndGlobalSection
	GlobalSection(SolutionProperties) = preSolution
		HideSolutionNode = FALSE
	EndGlobalSection
	GlobalSection(ExtensibilityGlobals) = postSolution
		SolutionGuid = {4A2FE298-6229-41FD-8565-0466D20492D4}
	EndGlobalSection
EndGlobal
